
Microsoft Visual Studio Solution File, Format Version 12.00
# Visual Studio 15
VisualStudioVersion = 15.0.28307.168
MinimumVisualStudioVersion = 10.0.40219.1
Project("{8BC9CEB8-8B4A-11D0-8D11-00A0C91BC942}") = "oci_test_switch_session", "oci_test_switch_session.vcxproj", "{D587F192-3897-4BFA-95B1-F68604A5EC26}"
EndProject
Global
	GlobalSection(SolutionConfigurationPlatforms) = preSolution
		Debug|x64 = Debug|x64
		Debug|x86 = Debug|x86
		Release|x64 = Release|x64
		Release|x86 = Release|x86
	EndGlobalSection
	GlobalSection(ProjectConfigurationPlatforms) = postSolution
		{D587F192-3897-4BFA-95B1-F68604A5EC26}.Debug|x64.ActiveCfg = Debug|x64
		{D587F192-3897-4BFA-95B1-F68604A5EC26}.Debug|x64.Build.0 = Debug|x64
		{D587F192-3897-4BFA-95B1-F68604A5EC26}.Debug|x86.ActiveCfg = Debug|Win32
		{D587F192-3897-4BFA-95B1-F68604A5EC26}.Debug|x86.Build.0 = Debug|Win32
		{D587F192-3897-4BFA-95B1-F68604A5EC26}.Release|x64.ActiveCfg = Release|x64
		{D587F192-3897-4BFA-95B1-F68604A5EC26}.Release|x64.Build.0 = Release|x64
		{D587F192-3897-4BFA-95B1-F68604A5EC26}.Release|x86.ActiveCfg = Release|Win32
		{D587F192-3897-4BFA-95B1-F68604A5EC26}.Release|x86.Build.0 = Release|Win32
	EndGlobalSection
	GlobalSection(SolutionProperties) = preSolution
		HideSolutionNode = FALSE
	EndGlobalSection
	GlobalSection(ExtensibilityGlobals) = postSolution
		SolutionGuid = {77136991-8893-4209-A5ED-A59A4549A782}
	EndGlobalSection
EndGlobal
